<?xml version="1.0" encoding="utf-8"?>
<Project ToolsVersion="4.0" xmlns="http://schemas.microsoft.com/developer/msbuild/2003">
  <ItemGroup>
    <Filter Include="Graphs">
      <UniqueIdentifier>{24195e2b-2c6b-47be-a13b-7304af6e43e1}</UniqueIdentifier>
    </Filter>
  </ItemGroup>
  <ItemGroup>
    <ClCompile Include="ActivityBand.cpp" />
    <ClCompile Include="ClassFactory.cpp" />
    <ClCompile Include="GraphManager.cpp" />
    <ClCompile Include="Main.cpp" />
    <ClCompile Include="Registration.cpp" />
    <ClCompile Include="Settings.cpp" />
    <ClCompile Include="MetricStore.cpp" />
    <ClCompile Include="Graphs\CpuHistogram.cpp">
      <Filter>Graphs</Filter>
    </ClCompile>
  </ItemGroup>
  <ItemGroup>
    <ClInclude Include="ActivityBand.hpp" />
    <ClInclude Include="ClassFactory.hpp" />
    <ClInclude Include="GraphManager.hpp" />
    <ClInclude Include="Macros.h" />
    <ClInclude Include="Registration.h" />
    <ClInclude Include="Windows.h" />
    <ClInclude Include="MetricStore.hpp" />
    <ClInclude Include="Graphs\CpuHistogram.hpp">
      <Filter>Graphs</Filter>
    </ClInclude>
  </ItemGroup>
  <ItemGroup>
    <None Include="ActivityBand.def" />
  </ItemGroup>
  <ItemGroup>
    <ResourceCompile Include="ActivityBand.rc" />
  </ItemGroup>
</Project>