
Microsoft Visual Studio Solution File, Format Version 12.00
# Visual Studio Version 16
VisualStudioVersion = 16.0.31205.134
MinimumVisualStudioVersion = 10.0.40219.1
Project("{8BC9CEB8-8B4A-11D0-8D11-00A0C91BC942}") = "ActivityBand", "ActivityBand.vcxproj", "{75744581-205B-464F-94E3-E1DDC9951371}"
EndProject
Global
	GlobalSection(SolutionConfigurationPlatforms) = preSolution
		Debug|x64 = Debug|x64
		Release|x64 = Release|x64
	EndGlobalSection
	GlobalSection(ProjectConfigurationPlatforms) = postSolution
		{75744581-205B-464F-94E3-E1DDC9951371}.Debug|x64.ActiveCfg = Debug|x64
		{75744581-205B-464F-94E3-E1DDC9951371}.Debug|x64.Build.0 = Debug|x64
		{75744581-205B-464F-94E3-E1DDC9951371}.Release|x64.ActiveCfg = Release|x64
		{75744581-205B-464F-94E3-E1DDC9951371}.Release|x64.Build.0 = Release|x64
	EndGlobalSection
	GlobalSection(SolutionProperties) = preSolution
		HideSolutionNode = FALSE
	EndGlobalSection
	GlobalSection(ExtensibilityGlobals) = postSolution
		SolutionGuid = {96AEDAA2-6EF6-468D-99A1-D555F85534C8}
	EndGlobalSection
EndGlobal
